// !$*UTF8*$!
{
	archiveVersion = 1;
	classes = {
	};
	objectVersion = 46;
	objects = {

/* Begin PBXBuildFile section */
		421043CF1C3FA59C002F065B /* GeneralPreferencesViewController.swift in Sources */ = {isa = PBXBuildFile; fileRef = 421043C91C3FA59C002F065B /* GeneralPreferencesViewController.swift */; };
		421043D01C3FA59C002F065B /* PreferencesWindowController.swift in Sources */ = {isa = PBXBuildFile; fileRef = 421043CA1C3FA59C002F065B /* PreferencesWindowController.swift */; };
		421043D61C3FA5CC002F065B /* DownloadsFolderBottomPathFieldSetup.swift in Sources */ = {isa = PBXBuildFile; fileRef = 421043D21C3FA5CC002F065B /* DownloadsFolderBottomPathFieldSetup.swift */; };
		421043D71C3FA5CC002F065B /* Executors.swift in Sources */ = {isa = PBXBuildFile; fileRef = 421043D31C3FA5CC002F065B /* Executors.swift */; };
		421043D81C3FA5CC002F065B /* FilePathLogics.swift in Sources */ = {isa = PBXBuildFile; fileRef = 421043D41C3FA5CC002F065B /* FilePathLogics.swift */; };
		421043D91C3FA5CC002F065B /* LocalizationCSVViewController.swift in Sources */ = {isa = PBXBuildFile; fileRef = 421043D51C3FA5CC002F065B /* LocalizationCSVViewController.swift */; };
		421043DB1C3FA610002F065B /* Main.storyboard in Resources */ = {isa = PBXBuildFile; fileRef = 421043DA1C3FA610002F065B /* Main.storyboard */; };
		421043EC1C3FA7A2002F065B /* CSVsGenerator.swift in Sources */ = {isa = PBXBuildFile; fileRef = 421043E41C3FA7A2002F065B /* CSVsGenerator.swift */; };
		421043ED1C3FA7A2002F065B /* GeneratorsError.swift in Sources */ = {isa = PBXBuildFile; fileRef = 421043E51C3FA7A2002F065B /* GeneratorsError.swift */; };
		421043EE1C3FA7A2002F065B /* JSONsGenerator.swift in Sources */ = {isa = PBXBuildFile; fileRef = 421043E61C3FA7A2002F065B /* JSONsGenerator.swift */; };
		421043EF1C3FA7A2002F065B /* LocaleDatabase.swift in Sources */ = {isa = PBXBuildFile; fileRef = 421043E71C3FA7A2002F065B /* LocaleDatabase.swift */; };
		421043F01C3FA7A2002F065B /* CSV.swift in Sources */ = {isa = PBXBuildFile; fileRef = 421043E91C3FA7A2002F065B /* CSV.swift */; };
		421043F11C3FA7A2002F065B /* JSON.swift in Sources */ = {isa = PBXBuildFile; fileRef = 421043EA1C3FA7A2002F065B /* JSON.swift */; };
		421043F21C3FA7A2002F065B /* StringsFile.swift in Sources */ = {isa = PBXBuildFile; fileRef = 421043EB1C3FA7A2002F065B /* StringsFile.swift */; };
		421043F41C3FA990002F065B /* Utilities.swift in Sources */ = {isa = PBXBuildFile; fileRef = 421043F31C3FA990002F065B /* Utilities.swift */; };
		421043F61C3FA9A3002F065B /* Constants.swift in Sources */ = {isa = PBXBuildFile; fileRef = 421043F51C3FA9A3002F065B /* Constants.swift */; };
		4285C7D61B9775D000A2A1DC /* AppDelegate.swift in Sources */ = {isa = PBXBuildFile; fileRef = 4285C7D51B9775D000A2A1DC /* AppDelegate.swift */; };
		4285C7DA1B9775D000A2A1DC /* Assets.xcassets in Resources */ = {isa = PBXBuildFile; fileRef = 4285C7D91B9775D000A2A1DC /* Assets.xcassets */; };
		42A206EF1BA5155100F8D2E2 /* libsqlite3.0.tbd in Frameworks */ = {isa = PBXBuildFile; fileRef = 42A206EE1BA5155100F8D2E2 /* libsqlite3.0.tbd */; };
		42A206F21BA5192500F8D2E2 /* LocalizationCSV.sqlite in Resources */ = {isa = PBXBuildFile; fileRef = 42A206F11BA5192500F8D2E2 /* LocalizationCSV.sqlite */; };
		42F1F4F41C63391000610786 /* LocalizationCSVTests.swift in Sources */ = {isa = PBXBuildFile; fileRef = 42F1F4F31C63391000610786 /* LocalizationCSVTests.swift */; };
/* End PBXBuildFile section */

/* Begin PBXContainerItemProxy section */
		42F1F4F61C63391000610786 /* PBXContainerItemProxy */ = {
			isa = PBXContainerItemProxy;
			containerPortal = 4285C7CA1B9775CF00A2A1DC /* Project object */;
			proxyType = 1;
			remoteGlobalIDString = 4285C7D11B9775CF00A2A1DC;
			remoteInfo = LocalizationCSV;
		};
/* End PBXContainerItemProxy section */

/* Begin PBXFileReference section */
		421043C91C3FA59C002F065B /* GeneralPreferencesViewController.swift */ = {isa = PBXFileReference; fileEncoding = 4; lastKnownFileType = sourcecode.swift; path = GeneralPreferencesViewController.swift; sourceTree = "<group>"; };
		421043CA1C3FA59C002F065B /* PreferencesWindowController.swift */ = {isa = PBXFileReference; fileEncoding = 4; lastKnownFileType = sourcecode.swift; path = PreferencesWindowController.swift; sourceTree = "<group>"; };
		421043D21C3FA5CC002F065B /* DownloadsFolderBottomPathFieldSetup.swift */ = {isa = PBXFileReference; fileEncoding = 4; lastKnownFileType = sourcecode.swift; path = DownloadsFolderBottomPathFieldSetup.swift; sourceTree = "<group>"; };
		421043D31C3FA5CC002F065B /* Executors.swift */ = {isa = PBXFileReference; fileEncoding = 4; lastKnownFileType = sourcecode.swift; path = Executors.swift; sourceTree = "<group>"; };
		421043D41C3FA5CC002F065B /* FilePathLogics.swift */ = {isa = PBXFileReference; fileEncoding = 4; lastKnownFileType = sourcecode.swift; path = FilePathLogics.swift; sourceTree = "<group>"; };
		421043D51C3FA5CC002F065B /* LocalizationCSVViewController.swift */ = {isa = PBXFileReference; fileEncoding = 4; lastKnownFileType = sourcecode.swift; path = LocalizationCSVViewController.swift; sourceTree = "<group>"; };
		421043DA1C3FA610002F065B /* Main.storyboard */ = {isa = PBXFileReference; fileEncoding = 4; lastKnownFileType = file.storyboard; path = Main.storyboard; sourceTree = "<group>"; };
		421043E41C3FA7A2002F065B /* CSVsGenerator.swift */ = {isa = PBXFileReference; fileEncoding = 4; lastKnownFileType = sourcecode.swift; path = CSVsGenerator.swift; sourceTree = "<group>"; };
		421043E51C3FA7A2002F065B /* GeneratorsError.swift */ = {isa = PBXFileReference; fileEncoding = 4; lastKnownFileType = sourcecode.swift; path = GeneratorsError.swift; sourceTree = "<group>"; };
		421043E61C3FA7A2002F065B /* JSONsGenerator.swift */ = {isa = PBXFileReference; fileEncoding = 4; lastKnownFileType = sourcecode.swift; path = JSONsGenerator.swift; sourceTree = "<group>"; };
		421043E71C3FA7A2002F065B /* LocaleDatabase.swift */ = {isa = PBXFileReference; fileEncoding = 4; lastKnownFileType = sourcecode.swift; path = LocaleDatabase.swift; sourceTree = "<group>"; };
		421043E91C3FA7A2002F065B /* CSV.swift */ = {isa = PBXFileReference; fileEncoding = 4; lastKnownFileType = sourcecode.swift; path = CSV.swift; sourceTree = "<group>"; };
		421043EA1C3FA7A2002F065B /* JSON.swift */ = {isa = PBXFileReference; fileEncoding = 4; lastKnownFileType = sourcecode.swift; path = JSON.swift; sourceTree = "<group>"; };
		421043EB1C3FA7A2002F065B /* StringsFile.swift */ = {isa = PBXFileReference; fileEncoding = 4; lastKnownFileType = sourcecode.swift; path = StringsFile.swift; sourceTree = "<group>"; };
		421043F31C3FA990002F065B /* Utilities.swift */ = {isa = PBXFileReference; fileEncoding = 4; lastKnownFileType = sourcecode.swift; path = Utilities.swift; sourceTree = "<group>"; };
		421043F51C3FA9A3002F065B /* Constants.swift */ = {isa = PBXFileReference; fileEncoding = 4; lastKnownFileType = sourcecode.swift; path = Constants.swift; sourceTree = "<group>"; };
		4285C7D21B9775D000A2A1DC /* LocalizationCSV.app */ = {isa = PBXFileReference; explicitFileType = wrapper.application; includeInIndex = 0; path = LocalizationCSV.app; sourceTree = BUILT_PRODUCTS_DIR; };
		4285C7D51B9775D000A2A1DC /* AppDelegate.swift */ = {isa = PBXFileReference; lastKnownFileType = sourcecode.swift; path = AppDelegate.swift; sourceTree = "<group>"; };
		4285C7D91B9775D000A2A1DC /* Assets.xcassets */ = {isa = PBXFileReference; lastKnownFileType = folder.assetcatalog; path = Assets.xcassets; sourceTree = "<group>"; };
		4285C7DE1B9775D000A2A1DC /* Info.plist */ = {isa = PBXFileReference; lastKnownFileType = text.plist.xml; path = Info.plist; sourceTree = "<group>"; };
		42A206EE1BA5155100F8D2E2 /* libsqlite3.0.tbd */ = {isa = PBXFileReference; lastKnownFileType = "sourcecode.text-based-dylib-definition"; name = libsqlite3.0.tbd; path = usr/lib/libsqlite3.0.tbd; sourceTree = SDKROOT; };
		42A206F01BA515AD00F8D2E2 /* LocalizationCSV-Bridging-Header.h */ = {isa = PBXFileReference; lastKnownFileType = sourcecode.c.h; path = "LocalizationCSV-Bridging-Header.h"; sourceTree = "<group>"; };
		42A206F11BA5192500F8D2E2 /* LocalizationCSV.sqlite */ = {isa = PBXFileReference; lastKnownFileType = file; path = LocalizationCSV.sqlite; sourceTree = "<group>"; };
		42F1F4F11C63391000610786 /* LocalizationCSVTests.xctest */ = {isa = PBXFileReference; explicitFileType = wrapper.cfbundle; includeInIndex = 0; path = LocalizationCSVTests.xctest; sourceTree = BUILT_PRODUCTS_DIR; };
		42F1F4F31C63391000610786 /* LocalizationCSVTests.swift */ = {isa = PBXFileReference; lastKnownFileType = sourcecode.swift; path = LocalizationCSVTests.swift; sourceTree = "<group>"; };
		42F1F4F51C63391000610786 /* Info.plist */ = {isa = PBXFileReference; lastKnownFileType = text.plist.xml; path = Info.plist; sourceTree = "<group>"; };
/* End PBXFileReference section */

/* Begin PBXFrameworksBuildPhase section */
		4285C7CF1B9775CF00A2A1DC /* Frameworks */ = {
			isa = PBXFrameworksBuildPhase;
			buildActionMask = 2147483647;
			files = (
				42A206EF1BA5155100F8D2E2 /* libsqlite3.0.tbd in Frameworks */,
			);
			runOnlyForDeploymentPostprocessing = 0;
		};
		42F1F4EE1C63391000610786 /* Frameworks */ = {
			isa = PBXFrameworksBuildPhase;
			buildActionMask = 2147483647;
			files = (
			);
			runOnlyForDeploymentPostprocessing = 0;
		};
/* End PBXFrameworksBuildPhase section */

/* Begin PBXGroup section */
		421043C31C3FA59C002F065B /* UI */ = {
			isa = PBXGroup;
			children = (
				421043DA1C3FA610002F065B /* Main.storyboard */,
				421043D11C3FA5CC002F065B /* MainWindow */,
				421043C81C3FA59C002F065B /* Preferences */,
			);
			path = UI;
			sourceTree = "<group>";
		};
		421043C81C3FA59C002F065B /* Preferences */ = {
			isa = PBXGroup;
			children = (
				421043C91C3FA59C002F065B /* GeneralPreferencesViewController.swift */,
				421043CA1C3FA59C002F065B /* PreferencesWindowController.swift */,
			);
			path = Preferences;
			sourceTree = "<group>";
		};
		421043D11C3FA5CC002F065B /* MainWindow */ = {
			isa = PBXGroup;
			children = (
				421043D21C3FA5CC002F065B /* DownloadsFolderBottomPathFieldSetup.swift */,
				421043D31C3FA5CC002F065B /* Executors.swift */,
				421043D41C3FA5CC002F065B /* FilePathLogics.swift */,
				421043D51C3FA5CC002F065B /* LocalizationCSVViewController.swift */,
			);
			path = MainWindow;
			sourceTree = "<group>";
		};
		421043E31C3FA7A2002F065B /* Generators */ = {
			isa = PBXGroup;
			children = (
				421043E41C3FA7A2002F065B /* CSVsGenerator.swift */,
				421043E61C3FA7A2002F065B /* JSONsGenerator.swift */,
				421043E51C3FA7A2002F065B /* GeneratorsError.swift */,
				421043E71C3FA7A2002F065B /* LocaleDatabase.swift */,
				421043F31C3FA990002F065B /* Utilities.swift */,
				421043E81C3FA7A2002F065B /* Models */,
			);
			path = Generators;
			sourceTree = "<group>";
		};
		421043E81C3FA7A2002F065B /* Models */ = {
			isa = PBXGroup;
			children = (
				421043E91C3FA7A2002F065B /* CSV.swift */,
				421043EA1C3FA7A2002F065B /* JSON.swift */,
				421043EB1C3FA7A2002F065B /* StringsFile.swift */,
			);
			path = Models;
			sourceTree = "<group>";
		};
		4285C7C91B9775CF00A2A1DC = {
			isa = PBXGroup;
			children = (
				4285C7D41B9775D000A2A1DC /* LocalizationCSV */,
				42F1F4F21C63391000610786 /* LocalizationCSVTests */,
				4285C7D31B9775D000A2A1DC /* Products */,
			);
			sourceTree = "<group>";
		};
		4285C7D31B9775D000A2A1DC /* Products */ = {
			isa = PBXGroup;
			children = (
				4285C7D21B9775D000A2A1DC /* LocalizationCSV.app */,
				42F1F4F11C63391000610786 /* LocalizationCSVTests.xctest */,
			);
			name = Products;
			sourceTree = "<group>";
		};
		4285C7D41B9775D000A2A1DC /* LocalizationCSV */ = {
			isa = PBXGroup;
			children = (
				4285C7D51B9775D000A2A1DC /* AppDelegate.swift */,
				421043F51C3FA9A3002F065B /* Constants.swift */,
				421043C31C3FA59C002F065B /* UI */,
				421043E31C3FA7A2002F065B /* Generators */,
				42A206F11BA5192500F8D2E2 /* LocalizationCSV.sqlite */,
				4285C7D91B9775D000A2A1DC /* Assets.xcassets */,
				4285C7DE1B9775D000A2A1DC /* Info.plist */,
				42A206F01BA515AD00F8D2E2 /* LocalizationCSV-Bridging-Header.h */,
				42A206EE1BA5155100F8D2E2 /* libsqlite3.0.tbd */,
			);
			path = LocalizationCSV;
			sourceTree = "<group>";
		};
		42F1F4F21C63391000610786 /* LocalizationCSVTests */ = {
			isa = PBXGroup;
			children = (
				42F1F4F31C63391000610786 /* LocalizationCSVTests.swift */,
				42F1F4F51C63391000610786 /* Info.plist */,
			);
			path = LocalizationCSVTests;
			sourceTree = "<group>";
		};
/* End PBXGroup section */

/* Begin PBXNativeTarget section */
		4285C7D11B9775CF00A2A1DC /* LocalizationCSV */ = {
			isa = PBXNativeTarget;
			buildConfigurationList = 4285C7E11B9775D000A2A1DC /* Build configuration list for PBXNativeTarget "LocalizationCSV" */;
			buildPhases = (
				4285C7CE1B9775CF00A2A1DC /* Sources */,
				4285C7CF1B9775CF00A2A1DC /* Frameworks */,
				4285C7D01B9775CF00A2A1DC /* Resources */,
			);
			buildRules = (
			);
			dependencies = (
			);
			name = LocalizationCSV;
			productName = LocalizationCSV;
			productReference = 4285C7D21B9775D000A2A1DC /* LocalizationCSV.app */;
			productType = "com.apple.product-type.application";
		};
		42F1F4F01C63391000610786 /* LocalizationCSVTests */ = {
			isa = PBXNativeTarget;
			buildConfigurationList = 42F1F4F81C63391000610786 /* Build configuration list for PBXNativeTarget "LocalizationCSVTests" */;
			buildPhases = (
				42F1F4ED1C63391000610786 /* Sources */,
				42F1F4EE1C63391000610786 /* Frameworks */,
				42F1F4EF1C63391000610786 /* Resources */,
			);
			buildRules = (
			);
			dependencies = (
				42F1F4F71C63391000610786 /* PBXTargetDependency */,
			);
			name = LocalizationCSVTests;
			productName = LocalizationCSVTests;
			productReference = 42F1F4F11C63391000610786 /* LocalizationCSVTests.xctest */;
			productType = "com.apple.product-type.bundle.unit-test";
		};
/* End PBXNativeTarget section */

/* Begin PBXProject section */
		4285C7CA1B9775CF00A2A1DC /* Project object */ = {
			isa = PBXProject;
			attributes = {
				LastSwiftUpdateCheck = 0720;
				LastUpgradeCheck = 0700;
				ORGANIZATIONNAME = "Rogelio Gudino";
				TargetAttributes = {
					4285C7D11B9775CF00A2A1DC = {
						CreatedOnToolsVersion = 7.0;
					};
					42F1F4F01C63391000610786 = {
						CreatedOnToolsVersion = 7.2.1;
						TestTargetID = 4285C7D11B9775CF00A2A1DC;
					};
				};
			};
			buildConfigurationList = 4285C7CD1B9775CF00A2A1DC /* Build configuration list for PBXProject "LocalizationCSV" */;
			compatibilityVersion = "Xcode 3.2";
			developmentRegion = English;
			hasScannedForEncodings = 0;
			knownRegions = (
				en,
				Base,
			);
			mainGroup = 4285C7C91B9775CF00A2A1DC;
			productRefGroup = 4285C7D31B9775D000A2A1DC /* Products */;
			projectDirPath = "";
			projectRoot = "";
			targets = (
				4285C7D11B9775CF00A2A1DC /* LocalizationCSV */,
				42F1F4F01C63391000610786 /* LocalizationCSVTests */,
			);
		};
/* End PBXProject section */

/* Begin PBXResourcesBuildPhase section */
		4285C7D01B9775CF00A2A1DC /* Resources */ = {
			isa = PBXResourcesBuildPhase;
			buildActionMask = 2147483647;
			files = (
				421043DB1C3FA610002F065B /* Main.storyboard in Resources */,
				4285C7DA1B9775D000A2A1DC /* Assets.xcassets in Resources */,
				42A206F21BA5192500F8D2E2 /* LocalizationCSV.sqlite in Resources */,
			);
			runOnlyForDeploymentPostprocessing = 0;
		};
		42F1F4EF1C63391000610786 /* Resources */ = {
			isa = PBXResourcesBuildPhase;
			buildActionMask = 2147483647;
			files = (
			);
			runOnlyForDeploymentPostprocessing = 0;
		};
/* End PBXResourcesBuildPhase section */

/* Begin PBXSourcesBuildPhase section */
		4285C7CE1B9775CF00A2A1DC /* Sources */ = {
			isa = PBXSourcesBuildPhase;
			buildActionMask = 2147483647;
			files = (
				421043D91C3FA5CC002F065B /* LocalizationCSVViewController.swift in Sources */,
				421043D81C3FA5CC002F065B /* FilePathLogics.swift in Sources */,
				421043EC1C3FA7A2002F065B /* CSVsGenerator.swift in Sources */,
				421043EE1C3FA7A2002F065B /* JSONsGenerator.swift in Sources */,
				421043ED1C3FA7A2002F065B /* GeneratorsError.swift in Sources */,
				421043D71C3FA5CC002F065B /* Executors.swift in Sources */,
				421043F21C3FA7A2002F065B /* StringsFile.swift in Sources */,
				421043F61C3FA9A3002F065B /* Constants.swift in Sources */,
				421043F11C3FA7A2002F065B /* JSON.swift in Sources */,
				421043D61C3FA5CC002F065B /* DownloadsFolderBottomPathFieldSetup.swift in Sources */,
				4285C7D61B9775D000A2A1DC /* AppDelegate.swift in Sources */,
				421043F41C3FA990002F065B /* Utilities.swift in Sources */,
				421043CF1C3FA59C002F065B /* GeneralPreferencesViewController.swift in Sources */,
				421043D01C3FA59C002F065B /* PreferencesWindowController.swift in Sources */,
				421043F01C3FA7A2002F065B /* CSV.swift in Sources */,
				421043EF1C3FA7A2002F065B /* LocaleDatabase.swift in Sources */,
			);
			runOnlyForDeploymentPostprocessing = 0;
		};
		42F1F4ED1C63391000610786 /* Sources */ = {
			isa = PBXSourcesBuildPhase;
			buildActionMask = 2147483647;
			files = (
				42F1F4F41C63391000610786 /* LocalizationCSVTests.swift in Sources */,
			);
			runOnlyForDeploymentPostprocessing = 0;
		};
/* End PBXSourcesBuildPhase section */

/* Begin PBXTargetDependency section */
		42F1F4F71C63391000610786 /* PBXTargetDependency */ = {
			isa = PBXTargetDependency;
			target = 4285C7D11B9775CF00A2A1DC /* LocalizationCSV */;
			targetProxy = 42F1F4F61C63391000610786 /* PBXContainerItemProxy */;
		};
/* End PBXTargetDependency section */

/* Begin XCBuildConfiguration section */
		4285C7DF1B9775D000A2A1DC /* Debug */ = {
			isa = XCBuildConfiguration;
			buildSettings = {
				ALWAYS_SEARCH_USER_PATHS = NO;
				CLANG_CXX_LANGUAGE_STANDARD = "gnu++0x";
				CLANG_CXX_LIBRARY = "libc++";
				CLANG_ENABLE_MODULES = YES;
				CLANG_ENABLE_OBJC_ARC = YES;
				CLANG_WARN_BOOL_CONVERSION = YES;
				CLANG_WARN_CONSTANT_CONVERSION = YES;
				CLANG_WARN_DIRECT_OBJC_ISA_USAGE = YES_ERROR;
				CLANG_WARN_EMPTY_BODY = YES;
				CLANG_WARN_ENUM_CONVERSION = YES;
				CLANG_WARN_INT_CONVERSION = YES;
				CLANG_WARN_OBJC_ROOT_CLASS = YES_ERROR;
				CLANG_WARN_UNREACHABLE_CODE = YES;
				CLANG_WARN__DUPLICATE_METHOD_MATCH = YES;
				CODE_SIGN_IDENTITY = "-";
				COPY_PHASE_STRIP = NO;
				DEBUG_INFORMATION_FORMAT = dwarf;
				ENABLE_STRICT_OBJC_MSGSEND = YES;
				ENABLE_TESTABILITY = YES;
				GCC_C_LANGUAGE_STANDARD = gnu99;
				GCC_DYNAMIC_NO_PIC = NO;
				GCC_NO_COMMON_BLOCKS = YES;
				GCC_OPTIMIZATION_LEVEL = 0;
				GCC_PREPROCESSOR_DEFINITIONS = (
					"DEBUG=1",
					"$(inherited)",
				);
				GCC_WARN_64_TO_32_BIT_CONVERSION = YES;
				GCC_WARN_ABOUT_RETURN_TYPE = YES_ERROR;
				GCC_WARN_UNDECLARED_SELECTOR = YES;
				GCC_WARN_UNINITIALIZED_AUTOS = YES_AGGRESSIVE;
				GCC_WARN_UNUSED_FUNCTION = YES;
				GCC_WARN_UNUSED_VARIABLE = YES;
				MACOSX_DEPLOYMENT_TARGET = 10.10;
				MTL_ENABLE_DEBUG_INFO = YES;
				ONLY_ACTIVE_ARCH = YES;
				SDKROOT = macosx;
				SWIFT_OPTIMIZATION_LEVEL = "-Onone";
			};
			name = Debug;
		};
		4285C7E01B9775D000A2A1DC /* Release */ = {
			isa = XCBuildConfiguration;
			buildSettings = {
				ALWAYS_SEARCH_USER_PATHS = NO;
				CLANG_CXX_LANGUAGE_STANDARD = "gnu++0x";
				CLANG_CXX_LIBRARY = "libc++";
				CLANG_ENABLE_MODULES = YES;
				CLANG_ENABLE_OBJC_ARC = YES;
				CLANG_WARN_BOOL_CONVERSION = YES;
				CLANG_WARN_CONSTANT_CONVERSION = YES;
				CLANG_WARN_DIRECT_OBJC_ISA_USAGE = YES_ERROR;
				CLANG_WARN_EMPTY_BODY = YES;
				CLANG_WARN_ENUM_CONVERSION = YES;
				CLANG_WARN_INT_CONVERSION = YES;
				CLANG_WARN_OBJC_ROOT_CLASS = YES_ERROR;
				CLANG_WARN_UNREACHABLE_CODE = YES;
				CLANG_WARN__DUPLICATE_METHOD_MATCH = YES;
				CODE_SIGN_IDENTITY = "-";
				COPY_PHASE_STRIP = NO;
				DEBUG_INFORMATION_FORMAT = "dwarf-with-dsym";
				ENABLE_NS_ASSERTIONS = NO;
				ENABLE_STRICT_OBJC_MSGSEND = YES;
				GCC_C_LANGUAGE_STANDARD = gnu99;
				GCC_NO_COMMON_BLOCKS = YES;
				GCC_WARN_64_TO_32_BIT_CONVERSION = YES;
				GCC_WARN_ABOUT_RETURN_TYPE = YES_ERROR;
				GCC_WARN_UNDECLARED_SELECTOR = YES;
				GCC_WARN_UNINITIALIZED_AUTOS = YES_AGGRESSIVE;
				GCC_WARN_UNUSED_FUNCTION = YES;
				GCC_WARN_UNUSED_VARIABLE = YES;
				MACOSX_DEPLOYMENT_TARGET = 10.10;
				MTL_ENABLE_DEBUG_INFO = NO;
				SDKROOT = macosx;
			};
			name = Release;
		};
		4285C7E21B9775D000A2A1DC /* Debug */ = {
			isa = XCBuildConfiguration;
			buildSettings = {
				ASSETCATALOG_COMPILER_APPICON_NAME = AppIcon;
				CODE_SIGN_IDENTITY = "Mac Developer: Rogelio Gudino (8Z4UYZL84Y)";
				COMBINE_HIDPI_IMAGES = YES;
				INFOPLIST_FILE = LocalizationCSV/Info.plist;
				LD_RUNPATH_SEARCH_PATHS = "$(inherited) @executable_path/../Frameworks";
				PRODUCT_BUNDLE_IDENTIFIER = com.cananito.LocalizationCSV;
				PRODUCT_NAME = "$(TARGET_NAME)";
				SWIFT_OBJC_BRIDGING_HEADER = "LocalizationCSV/LocalizationCSV-Bridging-Header.h";
			};
			name = Debug;
		};
		4285C7E31B9775D000A2A1DC /* Release */ = {
			isa = XCBuildConfiguration;
			buildSettings = {
				ASSETCATALOG_COMPILER_APPICON_NAME = AppIcon;
				CODE_SIGN_IDENTITY = "Developer ID Application: Rogelio Gudino (E7AP26UT6U)";
				COMBINE_HIDPI_IMAGES = YES;
				INFOPLIST_FILE = LocalizationCSV/Info.plist;
				LD_RUNPATH_SEARCH_PATHS = "$(inherited) @executable_path/../Frameworks";
				PRODUCT_BUNDLE_IDENTIFIER = com.cananito.LocalizationCSV;
				PRODUCT_NAME = "$(TARGET_NAME)";
				SWIFT_OBJC_BRIDGING_HEADER = "LocalizationCSV/LocalizationCSV-Bridging-Header.h";
			};
			name = Release;
		};
		42F1F4F91C63391000610786 /* Debug */ = {
			isa = XCBuildConfiguration;
			buildSettings = {
				BUNDLE_LOADER = "$(TEST_HOST)";
				COMBINE_HIDPI_IMAGES = YES;
				INFOPLIST_FILE = LocalizationCSVTests/Info.plist;
				LD_RUNPATH_SEARCH_PATHS = "$(inherited) @executable_path/../Frameworks @loader_path/../Frameworks";
				MACOSX_DEPLOYMENT_TARGET = 10.11;
				PRODUCT_BUNDLE_IDENTIFIER = com.cananito.LocalizationCSVTests;
				PRODUCT_NAME = "$(TARGET_NAME)";
				TEST_HOST = "$(BUILT_PRODUCTS_DIR)/LocalizationCSV.app/Contents/MacOS/LocalizationCSV";
			};
			name = Debug;
		};
		42F1F4FA1C63391000610786 /* Release */ = {
			isa = XCBuildConfiguration;
			buildSettings = {
				BUNDLE_LOADER = "$(TEST_HOST)";
				COMBINE_HIDPI_IMAGES = YES;
				INFOPLIST_FILE = LocalizationCSVTests/Info.plist;
				LD_RUNPATH_SEARCH_PATHS = "$(inherited) @executable_path/../Frameworks @loader_path/../Frameworks";
				MACOSX_DEPLOYMENT_TARGET = 10.11;
				PRODUCT_BUNDLE_IDENTIFIER = com.cananito.LocalizationCSVTests;
				PRODUCT_NAME = "$(TARGET_NAME)";
				TEST_HOST = "$(BUILT_PRODUCTS_DIR)/LocalizationCSV.app/Contents/MacOS/LocalizationCSV";
			};
			name = Release;
		};
/* End XCBuildConfiguration section */

/* Begin XCConfigurationList section */
		4285C7CD1B9775CF00A2A1DC /* Build configuration list for PBXProject "LocalizationCSV" */ = {
			isa = XCConfigurationList;
			buildConfigurations = (
				4285C7DF1B9775D000A2A1DC /* Debug */,
				4285C7E01B9775D000A2A1DC /* Release */,
			);
			defaultConfigurationIsVisible = 0;
			defaultConfigurationName = Release;
		};
		4285C7E11B9775D000A2A1DC /* Build configuration list for PBXNativeTarget "LocalizationCSV" */ = {
			isa = XCConfigurationList;
			buildConfigurations = (
				4285C7E21B9775D000A2A1DC /* Debug */,
				4285C7E31B9775D000A2A1DC /* Release */,
			);
			defaultConfigurationIsVisible = 0;
			defaultConfigurationName = Release;
		};
		42F1F4F81C63391000610786 /* Build configuration list for PBXNativeTarget "LocalizationCSVTests" */ = {
			isa = XCConfigurationList;
			buildConfigurations = (
				42F1F4F91C63391000610786 /* Debug */,
				42F1F4FA1C63391000610786 /* Release */,
			);
			defaultConfigurationIsVisible = 0;
			defaultConfigurationName = Release;
		};
/* End XCConfigurationList section */
	};
	rootObject = 4285C7CA1B9775CF00A2A1DC /* Project object */;
}
