// !$*UTF8*$!
{
	archiveVersion = 1;
	classes = {
	};
	objectVersion = 46;
	objects = {

/* Begin PBXBuildFile section */
		422F76F81BA7158A00F5D4AF /* ToCSVsUISetup.swift in Sources */ = {isa = PBXBuildFile; fileRef = 422F76F71BA7158A00F5D4AF /* ToCSVsUISetup.swift */; };
		4244DF321BEAFBAC0056DA4C /* PreferencesWindowController.swift in Sources */ = {isa = PBXBuildFile; fileRef = 4244DF311BEAFBAC0056DA4C /* PreferencesWindowController.swift */; };
		4244DF341BEB013E0056DA4C /* GeneralPreferencesViewController.swift in Sources */ = {isa = PBXBuildFile; fileRef = 4244DF331BEB013E0056DA4C /* GeneralPreferencesViewController.swift */; };
		4244DF361BEB02EA0056DA4C /* Constants.swift in Sources */ = {isa = PBXBuildFile; fileRef = 4244DF351BEB02EA0056DA4C /* Constants.swift */; };
		4285C7D61B9775D000A2A1DC /* AppDelegate.swift in Sources */ = {isa = PBXBuildFile; fileRef = 4285C7D51B9775D000A2A1DC /* AppDelegate.swift */; };
		4285C7DA1B9775D000A2A1DC /* Assets.xcassets in Resources */ = {isa = PBXBuildFile; fileRef = 4285C7D91B9775D000A2A1DC /* Assets.xcassets */; };
		4285C7DD1B9775D000A2A1DC /* Main.storyboard in Resources */ = {isa = PBXBuildFile; fileRef = 4285C7DB1B9775D000A2A1DC /* Main.storyboard */; };
		4285C7E71B97802900A2A1DC /* CSVsGenerator.swift in Sources */ = {isa = PBXBuildFile; fileRef = 4285C7E61B97802900A2A1DC /* CSVsGenerator.swift */; };
		4285C7E91B9785FA00A2A1DC /* Utilities.swift in Sources */ = {isa = PBXBuildFile; fileRef = 4285C7E81B9785FA00A2A1DC /* Utilities.swift */; };
		4285C7EB1B97AC6A00A2A1DC /* CSV.swift in Sources */ = {isa = PBXBuildFile; fileRef = 4285C7EA1B97AC6A00A2A1DC /* CSV.swift */; };
		4285C7ED1B97ADD400A2A1DC /* StringsFile.swift in Sources */ = {isa = PBXBuildFile; fileRef = 4285C7EC1B97ADD400A2A1DC /* StringsFile.swift */; };
		42A206EF1BA5155100F8D2E2 /* libsqlite3.0.tbd in Frameworks */ = {isa = PBXBuildFile; fileRef = 42A206EE1BA5155100F8D2E2 /* libsqlite3.0.tbd */; };
		42A206F21BA5192500F8D2E2 /* LocalizationCSV.sqlite in Resources */ = {isa = PBXBuildFile; fileRef = 42A206F11BA5192500F8D2E2 /* LocalizationCSV.sqlite */; };
		42A206F61BA51E6300F8D2E2 /* LocaleDatabase.swift in Sources */ = {isa = PBXBuildFile; fileRef = 42A206F51BA51E6300F8D2E2 /* LocaleDatabase.swift */; };
		42A206F81BA618A000F8D2E2 /* LocalizationCSVViewController.swift in Sources */ = {isa = PBXBuildFile; fileRef = 42A206F71BA618A000F8D2E2 /* LocalizationCSVViewController.swift */; };
		42A206FA1BA61E0D00F8D2E2 /* ToCSVsExecutor.swift in Sources */ = {isa = PBXBuildFile; fileRef = 42A206F91BA61E0D00F8D2E2 /* ToCSVsExecutor.swift */; };
		42A206FC1BA61E2A00F8D2E2 /* FromCSVsExecutor.swift in Sources */ = {isa = PBXBuildFile; fileRef = 42A206FB1BA61E2A00F8D2E2 /* FromCSVsExecutor.swift */; };
/* End PBXBuildFile section */

/* Begin PBXFileReference section */
		422F76F71BA7158A00F5D4AF /* ToCSVsUISetup.swift */ = {isa = PBXFileReference; fileEncoding = 4; lastKnownFileType = sourcecode.swift; path = ToCSVsUISetup.swift; sourceTree = "<group>"; };
		4244DF311BEAFBAC0056DA4C /* PreferencesWindowController.swift */ = {isa = PBXFileReference; fileEncoding = 4; lastKnownFileType = sourcecode.swift; path = PreferencesWindowController.swift; sourceTree = "<group>"; };
		4244DF331BEB013E0056DA4C /* GeneralPreferencesViewController.swift */ = {isa = PBXFileReference; fileEncoding = 4; lastKnownFileType = sourcecode.swift; path = GeneralPreferencesViewController.swift; sourceTree = "<group>"; };
		4244DF351BEB02EA0056DA4C /* Constants.swift */ = {isa = PBXFileReference; fileEncoding = 4; lastKnownFileType = sourcecode.swift; path = Constants.swift; sourceTree = "<group>"; };
		4285C7D21B9775D000A2A1DC /* LocalizationCSV.app */ = {isa = PBXFileReference; explicitFileType = wrapper.application; includeInIndex = 0; path = LocalizationCSV.app; sourceTree = BUILT_PRODUCTS_DIR; };
		4285C7D51B9775D000A2A1DC /* AppDelegate.swift */ = {isa = PBXFileReference; lastKnownFileType = sourcecode.swift; path = AppDelegate.swift; sourceTree = "<group>"; };
		4285C7D91B9775D000A2A1DC /* Assets.xcassets */ = {isa = PBXFileReference; lastKnownFileType = folder.assetcatalog; path = Assets.xcassets; sourceTree = "<group>"; };
		4285C7DC1B9775D000A2A1DC /* Base */ = {isa = PBXFileReference; lastKnownFileType = file.storyboard; name = Base; path = Base.lproj/Main.storyboard; sourceTree = "<group>"; };
		4285C7DE1B9775D000A2A1DC /* Info.plist */ = {isa = PBXFileReference; lastKnownFileType = text.plist.xml; path = Info.plist; sourceTree = "<group>"; };
		4285C7E61B97802900A2A1DC /* CSVsGenerator.swift */ = {isa = PBXFileReference; fileEncoding = 4; lastKnownFileType = sourcecode.swift; path = CSVsGenerator.swift; sourceTree = "<group>"; };
		4285C7E81B9785FA00A2A1DC /* Utilities.swift */ = {isa = PBXFileReference; fileEncoding = 4; lastKnownFileType = sourcecode.swift; path = Utilities.swift; sourceTree = "<group>"; };
		4285C7EA1B97AC6A00A2A1DC /* CSV.swift */ = {isa = PBXFileReference; fileEncoding = 4; lastKnownFileType = sourcecode.swift; path = CSV.swift; sourceTree = "<group>"; };
		4285C7EC1B97ADD400A2A1DC /* StringsFile.swift */ = {isa = PBXFileReference; fileEncoding = 4; lastKnownFileType = sourcecode.swift; path = StringsFile.swift; sourceTree = "<group>"; };
		42A206EE1BA5155100F8D2E2 /* libsqlite3.0.tbd */ = {isa = PBXFileReference; lastKnownFileType = "sourcecode.text-based-dylib-definition"; name = libsqlite3.0.tbd; path = usr/lib/libsqlite3.0.tbd; sourceTree = SDKROOT; };
		42A206F01BA515AD00F8D2E2 /* LocalizationCSV-Bridging-Header.h */ = {isa = PBXFileReference; lastKnownFileType = sourcecode.c.h; path = "LocalizationCSV-Bridging-Header.h"; sourceTree = "<group>"; };
		42A206F11BA5192500F8D2E2 /* LocalizationCSV.sqlite */ = {isa = PBXFileReference; lastKnownFileType = file; path = LocalizationCSV.sqlite; sourceTree = "<group>"; };
		42A206F51BA51E6300F8D2E2 /* LocaleDatabase.swift */ = {isa = PBXFileReference; fileEncoding = 4; lastKnownFileType = sourcecode.swift; path = LocaleDatabase.swift; sourceTree = "<group>"; };
		42A206F71BA618A000F8D2E2 /* LocalizationCSVViewController.swift */ = {isa = PBXFileReference; fileEncoding = 4; lastKnownFileType = sourcecode.swift; path = LocalizationCSVViewController.swift; sourceTree = "<group>"; };
		42A206F91BA61E0D00F8D2E2 /* ToCSVsExecutor.swift */ = {isa = PBXFileReference; fileEncoding = 4; lastKnownFileType = sourcecode.swift; path = ToCSVsExecutor.swift; sourceTree = "<group>"; };
		42A206FB1BA61E2A00F8D2E2 /* FromCSVsExecutor.swift */ = {isa = PBXFileReference; fileEncoding = 4; lastKnownFileType = sourcecode.swift; path = FromCSVsExecutor.swift; sourceTree = "<group>"; };
/* End PBXFileReference section */

/* Begin PBXFrameworksBuildPhase section */
		4285C7CF1B9775CF00A2A1DC /* Frameworks */ = {
			isa = PBXFrameworksBuildPhase;
			buildActionMask = 2147483647;
			files = (
				42A206EF1BA5155100F8D2E2 /* libsqlite3.0.tbd in Frameworks */,
			);
			runOnlyForDeploymentPostprocessing = 0;
		};
/* End PBXFrameworksBuildPhase section */

/* Begin PBXGroup section */
		4244DF301BEAFB9E0056DA4C /* Preferences */ = {
			isa = PBXGroup;
			children = (
				4244DF311BEAFBAC0056DA4C /* PreferencesWindowController.swift */,
				4244DF331BEB013E0056DA4C /* GeneralPreferencesViewController.swift */,
			);
			path = Preferences;
			sourceTree = "<group>";
		};
		4285C7C91B9775CF00A2A1DC = {
			isa = PBXGroup;
			children = (
				4285C7D41B9775D000A2A1DC /* LocalizationCSV */,
				4285C7D31B9775D000A2A1DC /* Products */,
			);
			sourceTree = "<group>";
		};
		4285C7D31B9775D000A2A1DC /* Products */ = {
			isa = PBXGroup;
			children = (
				4285C7D21B9775D000A2A1DC /* LocalizationCSV.app */,
			);
			name = Products;
			sourceTree = "<group>";
		};
		4285C7D41B9775D000A2A1DC /* LocalizationCSV */ = {
			isa = PBXGroup;
			children = (
				4285C7D51B9775D000A2A1DC /* AppDelegate.swift */,
				42A206F71BA618A000F8D2E2 /* LocalizationCSVViewController.swift */,
				422F76F71BA7158A00F5D4AF /* ToCSVsUISetup.swift */,
				42A206F91BA61E0D00F8D2E2 /* ToCSVsExecutor.swift */,
				42A206FB1BA61E2A00F8D2E2 /* FromCSVsExecutor.swift */,
				4285C7E61B97802900A2A1DC /* CSVsGenerator.swift */,
				4285C7EA1B97AC6A00A2A1DC /* CSV.swift */,
				4285C7EC1B97ADD400A2A1DC /* StringsFile.swift */,
				42A206F51BA51E6300F8D2E2 /* LocaleDatabase.swift */,
				4285C7E81B9785FA00A2A1DC /* Utilities.swift */,
				4244DF351BEB02EA0056DA4C /* Constants.swift */,
				4285C7DB1B9775D000A2A1DC /* Main.storyboard */,
				4244DF301BEAFB9E0056DA4C /* Preferences */,
				42A206F11BA5192500F8D2E2 /* LocalizationCSV.sqlite */,
				4285C7D91B9775D000A2A1DC /* Assets.xcassets */,
				4285C7DE1B9775D000A2A1DC /* Info.plist */,
				42A206F01BA515AD00F8D2E2 /* LocalizationCSV-Bridging-Header.h */,
				42A206EE1BA5155100F8D2E2 /* libsqlite3.0.tbd */,
			);
			path = LocalizationCSV;
			sourceTree = "<group>";
		};
/* End PBXGroup section */

/* Begin PBXNativeTarget section */
		4285C7D11B9775CF00A2A1DC /* LocalizationCSV */ = {
			isa = PBXNativeTarget;
			buildConfigurationList = 4285C7E11B9775D000A2A1DC /* Build configuration list for PBXNativeTarget "LocalizationCSV" */;
			buildPhases = (
				4285C7CE1B9775CF00A2A1DC /* Sources */,
				4285C7CF1B9775CF00A2A1DC /* Frameworks */,
				4285C7D01B9775CF00A2A1DC /* Resources */,
			);
			buildRules = (
			);
			dependencies = (
			);
			name = LocalizationCSV;
			productName = LocalizationCSV;
			productReference = 4285C7D21B9775D000A2A1DC /* LocalizationCSV.app */;
			productType = "com.apple.product-type.application";
		};
/* End PBXNativeTarget section */

/* Begin PBXProject section */
		4285C7CA1B9775CF00A2A1DC /* Project object */ = {
			isa = PBXProject;
			attributes = {
				LastUpgradeCheck = 0700;
				ORGANIZATIONNAME = "Rogelio Gudino";
				TargetAttributes = {
					4285C7D11B9775CF00A2A1DC = {
						CreatedOnToolsVersion = 7.0;
					};
				};
			};
			buildConfigurationList = 4285C7CD1B9775CF00A2A1DC /* Build configuration list for PBXProject "LocalizationCSV" */;
			compatibilityVersion = "Xcode 3.2";
			developmentRegion = English;
			hasScannedForEncodings = 0;
			knownRegions = (
				en,
				Base,
			);
			mainGroup = 4285C7C91B9775CF00A2A1DC;
			productRefGroup = 4285C7D31B9775D000A2A1DC /* Products */;
			projectDirPath = "";
			projectRoot = "";
			targets = (
				4285C7D11B9775CF00A2A1DC /* LocalizationCSV */,
			);
		};
/* End PBXProject section */

/* Begin PBXResourcesBuildPhase section */
		4285C7D01B9775CF00A2A1DC /* Resources */ = {
			isa = PBXResourcesBuildPhase;
			buildActionMask = 2147483647;
			files = (
				4285C7DA1B9775D000A2A1DC /* Assets.xcassets in Resources */,
				42A206F21BA5192500F8D2E2 /* LocalizationCSV.sqlite in Resources */,
				4285C7DD1B9775D000A2A1DC /* Main.storyboard in Resources */,
			);
			runOnlyForDeploymentPostprocessing = 0;
		};
/* End PBXResourcesBuildPhase section */

/* Begin PBXSourcesBuildPhase section */
		4285C7CE1B9775CF00A2A1DC /* Sources */ = {
			isa = PBXSourcesBuildPhase;
			buildActionMask = 2147483647;
			files = (
				42A206FC1BA61E2A00F8D2E2 /* FromCSVsExecutor.swift in Sources */,
				42A206FA1BA61E0D00F8D2E2 /* ToCSVsExecutor.swift in Sources */,
				4285C7E71B97802900A2A1DC /* CSVsGenerator.swift in Sources */,
				422F76F81BA7158A00F5D4AF /* ToCSVsUISetup.swift in Sources */,
				4244DF341BEB013E0056DA4C /* GeneralPreferencesViewController.swift in Sources */,
				4285C7EB1B97AC6A00A2A1DC /* CSV.swift in Sources */,
				42A206F61BA51E6300F8D2E2 /* LocaleDatabase.swift in Sources */,
				4244DF361BEB02EA0056DA4C /* Constants.swift in Sources */,
				4244DF321BEAFBAC0056DA4C /* PreferencesWindowController.swift in Sources */,
				4285C7E91B9785FA00A2A1DC /* Utilities.swift in Sources */,
				4285C7ED1B97ADD400A2A1DC /* StringsFile.swift in Sources */,
				42A206F81BA618A000F8D2E2 /* LocalizationCSVViewController.swift in Sources */,
				4285C7D61B9775D000A2A1DC /* AppDelegate.swift in Sources */,
			);
			runOnlyForDeploymentPostprocessing = 0;
		};
/* End PBXSourcesBuildPhase section */

/* Begin PBXVariantGroup section */
		4285C7DB1B9775D000A2A1DC /* Main.storyboard */ = {
			isa = PBXVariantGroup;
			children = (
				4285C7DC1B9775D000A2A1DC /* Base */,
			);
			name = Main.storyboard;
			sourceTree = "<group>";
		};
/* End PBXVariantGroup section */

/* Begin XCBuildConfiguration section */
		4285C7DF1B9775D000A2A1DC /* Debug */ = {
			isa = XCBuildConfiguration;
			buildSettings = {
				ALWAYS_SEARCH_USER_PATHS = NO;
				CLANG_CXX_LANGUAGE_STANDARD = "gnu++0x";
				CLANG_CXX_LIBRARY = "libc++";
				CLANG_ENABLE_MODULES = YES;
				CLANG_ENABLE_OBJC_ARC = YES;
				CLANG_WARN_BOOL_CONVERSION = YES;
				CLANG_WARN_CONSTANT_CONVERSION = YES;
				CLANG_WARN_DIRECT_OBJC_ISA_USAGE = YES_ERROR;
				CLANG_WARN_EMPTY_BODY = YES;
				CLANG_WARN_ENUM_CONVERSION = YES;
				CLANG_WARN_INT_CONVERSION = YES;
				CLANG_WARN_OBJC_ROOT_CLASS = YES_ERROR;
				CLANG_WARN_UNREACHABLE_CODE = YES;
				CLANG_WARN__DUPLICATE_METHOD_MATCH = YES;
				CODE_SIGN_IDENTITY = "-";
				COPY_PHASE_STRIP = NO;
				DEBUG_INFORMATION_FORMAT = dwarf;
				ENABLE_STRICT_OBJC_MSGSEND = YES;
				ENABLE_TESTABILITY = YES;
				GCC_C_LANGUAGE_STANDARD = gnu99;
				GCC_DYNAMIC_NO_PIC = NO;
				GCC_NO_COMMON_BLOCKS = YES;
				GCC_OPTIMIZATION_LEVEL = 0;
				GCC_PREPROCESSOR_DEFINITIONS = (
					"DEBUG=1",
					"$(inherited)",
				);
				GCC_WARN_64_TO_32_BIT_CONVERSION = YES;
				GCC_WARN_ABOUT_RETURN_TYPE = YES_ERROR;
				GCC_WARN_UNDECLARED_SELECTOR = YES;
				GCC_WARN_UNINITIALIZED_AUTOS = YES_AGGRESSIVE;
				GCC_WARN_UNUSED_FUNCTION = YES;
				GCC_WARN_UNUSED_VARIABLE = YES;
				MACOSX_DEPLOYMENT_TARGET = 10.10;
				MTL_ENABLE_DEBUG_INFO = YES;
				ONLY_ACTIVE_ARCH = YES;
				SDKROOT = macosx;
				SWIFT_OPTIMIZATION_LEVEL = "-Onone";
			};
			name = Debug;
		};
		4285C7E01B9775D000A2A1DC /* Release */ = {
			isa = XCBuildConfiguration;
			buildSettings = {
				ALWAYS_SEARCH_USER_PATHS = NO;
				CLANG_CXX_LANGUAGE_STANDARD = "gnu++0x";
				CLANG_CXX_LIBRARY = "libc++";
				CLANG_ENABLE_MODULES = YES;
				CLANG_ENABLE_OBJC_ARC = YES;
				CLANG_WARN_BOOL_CONVERSION = YES;
				CLANG_WARN_CONSTANT_CONVERSION = YES;
				CLANG_WARN_DIRECT_OBJC_ISA_USAGE = YES_ERROR;
				CLANG_WARN_EMPTY_BODY = YES;
				CLANG_WARN_ENUM_CONVERSION = YES;
				CLANG_WARN_INT_CONVERSION = YES;
				CLANG_WARN_OBJC_ROOT_CLASS = YES_ERROR;
				CLANG_WARN_UNREACHABLE_CODE = YES;
				CLANG_WARN__DUPLICATE_METHOD_MATCH = YES;
				CODE_SIGN_IDENTITY = "-";
				COPY_PHASE_STRIP = NO;
				DEBUG_INFORMATION_FORMAT = "dwarf-with-dsym";
				ENABLE_NS_ASSERTIONS = NO;
				ENABLE_STRICT_OBJC_MSGSEND = YES;
				GCC_C_LANGUAGE_STANDARD = gnu99;
				GCC_NO_COMMON_BLOCKS = YES;
				GCC_WARN_64_TO_32_BIT_CONVERSION = YES;
				GCC_WARN_ABOUT_RETURN_TYPE = YES_ERROR;
				GCC_WARN_UNDECLARED_SELECTOR = YES;
				GCC_WARN_UNINITIALIZED_AUTOS = YES_AGGRESSIVE;
				GCC_WARN_UNUSED_FUNCTION = YES;
				GCC_WARN_UNUSED_VARIABLE = YES;
				MACOSX_DEPLOYMENT_TARGET = 10.10;
				MTL_ENABLE_DEBUG_INFO = NO;
				SDKROOT = macosx;
			};
			name = Release;
		};
		4285C7E21B9775D000A2A1DC /* Debug */ = {
			isa = XCBuildConfiguration;
			buildSettings = {
				ASSETCATALOG_COMPILER_APPICON_NAME = AppIcon;
				CODE_SIGN_IDENTITY = "Mac Developer: Rogelio Gudino (8Z4UYZL84Y)";
				COMBINE_HIDPI_IMAGES = YES;
				INFOPLIST_FILE = LocalizationCSV/Info.plist;
				LD_RUNPATH_SEARCH_PATHS = "$(inherited) @executable_path/../Frameworks";
				PRODUCT_BUNDLE_IDENTIFIER = com.cananito.LocalizationCSV;
				PRODUCT_NAME = "$(TARGET_NAME)";
				SWIFT_OBJC_BRIDGING_HEADER = "LocalizationCSV/LocalizationCSV-Bridging-Header.h";
			};
			name = Debug;
		};
		4285C7E31B9775D000A2A1DC /* Release */ = {
			isa = XCBuildConfiguration;
			buildSettings = {
				ASSETCATALOG_COMPILER_APPICON_NAME = AppIcon;
				CODE_SIGN_IDENTITY = "Developer ID Application: Rogelio Gudino (E7AP26UT6U)";
				COMBINE_HIDPI_IMAGES = YES;
				INFOPLIST_FILE = LocalizationCSV/Info.plist;
				LD_RUNPATH_SEARCH_PATHS = "$(inherited) @executable_path/../Frameworks";
				PRODUCT_BUNDLE_IDENTIFIER = com.cananito.LocalizationCSV;
				PRODUCT_NAME = "$(TARGET_NAME)";
				SWIFT_OBJC_BRIDGING_HEADER = "LocalizationCSV/LocalizationCSV-Bridging-Header.h";
			};
			name = Release;
		};
/* End XCBuildConfiguration section */

/* Begin XCConfigurationList section */
		4285C7CD1B9775CF00A2A1DC /* Build configuration list for PBXProject "LocalizationCSV" */ = {
			isa = XCConfigurationList;
			buildConfigurations = (
				4285C7DF1B9775D000A2A1DC /* Debug */,
				4285C7E01B9775D000A2A1DC /* Release */,
			);
			defaultConfigurationIsVisible = 0;
			defaultConfigurationName = Release;
		};
		4285C7E11B9775D000A2A1DC /* Build configuration list for PBXNativeTarget "LocalizationCSV" */ = {
			isa = XCConfigurationList;
			buildConfigurations = (
				4285C7E21B9775D000A2A1DC /* Debug */,
				4285C7E31B9775D000A2A1DC /* Release */,
			);
			defaultConfigurationIsVisible = 0;
			defaultConfigurationName = Release;
		};
/* End XCConfigurationList section */
	};
	rootObject = 4285C7CA1B9775CF00A2A1DC /* Project object */;
}
